
Microsoft Visual Studio Solution File, Format Version 12.00
# Visual Studio 15
VisualStudioVersion = 15.0.27703.2035
MinimumVisualStudioVersion = 10.0.40219.1
Project("{FAE04EC0-301F-11D3-BF4B-00C04F79EFBC}") = "NHibernate_Relationships", "NHibernate_Relationships\NHibernate_Relationships.csproj", "{28509E35-ACF5-4D58-BAC9-2820A40D047E}"
EndProject
Global
	GlobalSection(SolutionConfigurationPlatforms) = preSolution
		Debug|Any CPU = Debug|Any CPU
		Release|Any CPU = Release|Any CPU
	EndGlobalSection
	GlobalSection(ProjectConfigurationPlatforms) = postSolution
		{28509E35-ACF5-4D58-BAC9-2820A40D047E}.Debug|Any CPU.ActiveCfg = Debug|Any CPU
		{28509E35-ACF5-4D58-BAC9-2820A40D047E}.Debug|Any CPU.Build.0 = Debug|Any CPU
		{28509E35-ACF5-4D58-BAC9-2820A40D047E}.Release|Any CPU.ActiveCfg = Release|Any CPU
		{28509E35-ACF5-4D58-BAC9-2820A40D047E}.Release|Any CPU.Build.0 = Release|Any CPU
	EndGlobalSection
	GlobalSection(SolutionProperties) = preSolution
		HideSolutionNode = FALSE
	EndGlobalSection
	GlobalSection(ExtensibilityGlobals) = postSolution
		SolutionGuid = {CABDBAC2-C93E-49DC-9302-AB5D62731060}
	EndGlobalSection
EndGlobal
